
Microsoft Visual Studio Solution File, Format Version 12.00
# Visual Studio Version 17
VisualStudioVersion = 17.3.32825.248
MinimumVisualStudioVersion = 10.0.40219.1
Project("{9A19103F-16F7-4668-BE54-9A1E7A4F7556}") = "ReservationSystem", "ReservationSystem.csproj", "{842A5481-3220-4293-A647-60940B65992D}"
EndProject
Global
	GlobalSection(SolutionConfigurationPlatforms) = preSolution
		Debug|Any CPU = Debug|Any CPU
		Release|Any CPU = Release|Any CPU
	EndGlobalSection
	GlobalSection(ProjectConfigurationPlatforms) = postSolution
		{842A5481-3220-4293-A647-60940B65992D}.Debug|Any CPU.ActiveCfg = Debug|Any CPU
		{842A5481-3220-4293-A647-60940B65992D}.Debug|Any CPU.Build.0 = Debug|Any CPU
		{842A5481-3220-4293-A647-60940B65992D}.Release|Any CPU.ActiveCfg = Release|Any CPU
		{842A5481-3220-4293-A647-60940B65992D}.Release|Any CPU.Build.0 = Release|Any CPU
	EndGlobalSection
	GlobalSection(SolutionProperties) = preSolution
		HideSolutionNode = FALSE
	EndGlobalSection
	GlobalSection(ExtensibilityGlobals) = postSolution
		SolutionGuid = {2FCAC630-5935-4750-8077-825A2051A66A}
	EndGlobalSection
EndGlobal
